
Microsoft Visual Studio Solution File, Format Version 12.00
# Visual Studio Version 17
VisualStudioVersion = 17.0.31903.59
MinimumVisualStudioVersion = 10.0.40219.1
Project("{9A19103F-16F7-4668-BE54-9A1E7A4F7556}") = "WeatherForecastWebApi", "WeatherForecastWebApi\WeatherForecastWebApi.csproj", "{E3283E1C-BBC7-4F92-AF58-1EBD1FC08F94}"
EndProject
Project("{9A19103F-16F7-4668-BE54-9A1E7A4F7556}") = "WareLogix.WebApi", "WareLogix.WebApi\WareLogix.WebApi.csproj", "{5845367D-B95C-4E91-8E36-109CAA287DB3}"
EndProject
Project("{2150E333-8FDC-42A3-9474-1A3956D46DE8}") = "WebApi", "WebApi", "{A05DD691-4A44-427C-BF53-37EA5063D69C}"
EndProject
Project("{2150E333-8FDC-42A3-9474-1A3956D46DE8}") = "WebApp", "WebApp", "{BD53F086-571E-4496-A2D7-F4D2C1F5035D}"
EndProject
Project("{2150E333-8FDC-42A3-9474-1A3956D46DE8}") = "ClassLib", "ClassLib", "{05211A76-E072-4343-B497-31F4288750FA}"
EndProject
Project("{9A19103F-16F7-4668-BE54-9A1E7A4F7556}") = "WareLogix.WebApi.Logging", "WareLogix.WebApi.Logging\WareLogix.WebApi.Logging.csproj", "{CA6E21CB-ED5D-4438-B56A-8EA471296DA8}"
EndProject
Project("{9A19103F-16F7-4668-BE54-9A1E7A4F7556}") = "WareLogix.WebApi.Metrics", "WareLogix.WebApi.Metrics\WareLogix.WebApi.Metrics.csproj", "{F5CA81A8-CA5D-41DA-9223-346F8691A481}"
EndProject
Project("{9A19103F-16F7-4668-BE54-9A1E7A4F7556}") = "Recep", "Recep\Recep.csproj", "{B69EBECF-20D2-4552-88AE-96A6F76703F1}"
EndProject
Project("{2150E333-8FDC-42A3-9474-1A3956D46DE8}") = "Infrastructure", "Infrastructure", "{D746E12B-2F20-40C2-89B4-C082F5E84AB7}"
EndProject
Project("{9A19103F-16F7-4668-BE54-9A1E7A4F7556}") = "WareLogix", "WareLogix\WareLogix.csproj", "{831B8534-AEC6-484B-B85D-5CD0AB879852}"
EndProject
Project("{9A19103F-16F7-4668-BE54-9A1E7A4F7556}") = "WareLogix.WebApp", "WareLogix.WebApp\WareLogix.WebApp.csproj", "{C37EEE51-E47B-489D-8339-8CD3ED02DD5D}"
EndProject
Project("{9A19103F-16F7-4668-BE54-9A1E7A4F7556}") = "WareLogix.RazorLib", "WareLogix.RazorLib\WareLogix.RazorLib.csproj", "{D05BB962-C509-4996-97FF-2F63A8023136}"
EndProject
Project("{9A19103F-16F7-4668-BE54-9A1E7A4F7556}") = "WareLogix.ReverseProxy", "WareLogix.ReverseProxy\WareLogix.ReverseProxy.csproj", "{7B8475E4-905D-4C33-974B-8C09D2E3B7D9}"
EndProject
Project("{2150E333-8FDC-42A3-9474-1A3956D46DE8}") = "Solution Items", "Solution Items", "{D5F05FA6-7556-4A3C-BB50-4F1417B134ED}"
	ProjectSection(SolutionItems) = preProject
		Directory.Build.props = Directory.Build.props
		Jenkinsfile = Jenkinsfile
		Minikube-CodeAnalysis.ruleset = Minikube-CodeAnalysis.ruleset
	EndProjectSection
EndProject
Project("{2150E333-8FDC-42A3-9474-1A3956D46DE8}") = "ConsoleApp", "ConsoleApp", "{D4EA0EAF-98BB-437E-8244-C1AEB396AC3A}"
EndProject
Project("{9A19103F-16F7-4668-BE54-9A1E7A4F7556}") = "RedisConsoleApp", "RedisConsoleApp\RedisConsoleApp.csproj", "{8524CE19-1E06-44E4-84F6-67789F44DD0E}"
EndProject
Project("{9A19103F-16F7-4668-BE54-9A1E7A4F7556}") = "WareLogix.Caching", "WareLogix.Caching\WareLogix.Caching.csproj", "{CC00906F-6A41-49F9-8667-0058804B2575}"
EndProject
Project("{9A19103F-16F7-4668-BE54-9A1E7A4F7556}") = "KafkaProducerConsoleApp", "KafkaProducerConsoleApp\KafkaProducerConsoleApp.csproj", "{BC723627-88F7-458D-A475-3A8141A0F15C}"
EndProject
Project("{9A19103F-16F7-4668-BE54-9A1E7A4F7556}") = "KafkaConsumerConsoleApp", "KafkaConsumerConsoleApp\KafkaConsumerConsoleApp.csproj", "{1A7BB0A8-6143-4722-975E-BF2E5827570E}"
EndProject
Project("{9A19103F-16F7-4668-BE54-9A1E7A4F7556}") = "ConsoleJob", "ConsoleJob\ConsoleJob.csproj", "{9E858A34-904C-4E36-B5BD-BBDBCBBB18CB}"
EndProject
Project("{9A19103F-16F7-4668-BE54-9A1E7A4F7556}") = "SimpleWebApi", "SimpleWebApi\SimpleWebApi.csproj", "{F2DF5D0A-9BE4-40FE-B985-C7E94E0BE766}"
EndProject
Project("{9A19103F-16F7-4668-BE54-9A1E7A4F7556}") = "FeaturedConsoleApp", "FeaturedConsoleApp\FeaturedConsoleApp.csproj", "{31D28A4C-A2F0-43DE-B0E0-D77E06978648}"
EndProject
Project("{9A19103F-16F7-4668-BE54-9A1E7A4F7556}") = "UserSecretsSyncApp", "UserSecretsSyncApp\UserSecretsSyncApp.csproj", "{EC4A076C-AA61-47F8-88F3-175D30A0690D}"
EndProject
Project("{9A19103F-16F7-4668-BE54-9A1E7A4F7556}") = "TradingConsoleApp", "TradingConsoleApp\TradingConsoleApp.csproj", "{26E5CDAD-A0CD-4E4C-A06D-7A67D03843B5}"
EndProject
Project("{9A19103F-16F7-4668-BE54-9A1E7A4F7556}") = "WareLogix.ConsoleApp.Logging", "WareLogix.ConsoleApp.Logging\WareLogix.ConsoleApp.Logging.csproj", "{BC03AF91-FD3F-4CB9-BAD2-1B5926B385DD}"
EndProject
Project("{9A19103F-16F7-4668-BE54-9A1E7A4F7556}") = "WareLogix.ConnectHttp", "WareLogix.ConnectHttp\WareLogix.ConnectHttp.csproj", "{0A7CBDCC-915E-4035-B87F-0EB23B263A30}"
EndProject
Project("{9A19103F-16F7-4668-BE54-9A1E7A4F7556}") = "WareLogix.Messaging", "WareLogix.Messaging\WareLogix.Messaging.csproj", "{C4130561-E33A-426B-9E6B-2593C60AB087}"
EndProject
Project("{9A19103F-16F7-4668-BE54-9A1E7A4F7556}") = "WareLogix.Messaging.RabbitMq", "WareLogix.Messaging.RabbitMq\WareLogix.Messaging.RabbitMq.csproj", "{001D7CC7-18A4-4B2C-9A21-DD9885EB5083}"
EndProject
Project("{9A19103F-16F7-4668-BE54-9A1E7A4F7556}") = "TechnicalAnalysisConsoleApp", "TechnicalAnalysisConsoleApp\TechnicalAnalysisConsoleApp.csproj", "{095A6C39-CBEC-4053-B8D2-B42FBA35D91D}"
EndProject
Project("{9A19103F-16F7-4668-BE54-9A1E7A4F7556}") = "WareLogix.ConsoleHost", "WareLogix.ConsoleHost\WareLogix.ConsoleHost.csproj", "{31303F4D-0C80-4F1B-AA79-AF8438820F41}"
EndProject
Project("{9A19103F-16F7-4668-BE54-9A1E7A4F7556}") = "WareLogix.Telemetry", "WareLogix.Telemetry\WareLogix.Telemetry.csproj", "{4A061590-0708-4B06-9002-2CF187413D8F}"
EndProject
Project("{9A19103F-16F7-4668-BE54-9A1E7A4F7556}") = "WareLogix.Configuration", "WareLogix.Configuration\WareLogix.Configuration.csproj", "{A14D51F6-7154-4E13-B24B-D830B5B71B1A}"
EndProject
Project("{9A19103F-16F7-4668-BE54-9A1E7A4F7556}") = "TaskListWebApp", "TaskListWebApp\TaskListWebApp.csproj", "{7744A36F-7D9E-4755-BFC2-E2A2FDE486B4}"
EndProject
Project("{9A19103F-16F7-4668-BE54-9A1E7A4F7556}") = "SampleBenchmark", "SampleBenchmark\SampleBenchmark.csproj", "{D5FA0B62-3FA6-4715-A5C7-D98CD2624162}"
EndProject
Project("{9A19103F-16F7-4668-BE54-9A1E7A4F7556}") = "TradingBot", "TradingBot\TradingBot.csproj", "{4B4385B5-9B67-4D8F-A02F-B5E55C2825DB}"
EndProject
Project("{9A19103F-16F7-4668-BE54-9A1E7A4F7556}") = "WareLogix.Models.OandaApiModels", "WareLogix.Models.OandaApiModels\WareLogix.Models.OandaApiModels.csproj", "{E605EAC5-9E6A-4DF9-B1A4-EBC4B637C693}"
EndProject
Project("{2150E333-8FDC-42A3-9474-1A3956D46DE8}") = "Models", "Models", "{FC5CECA3-6C11-4F36-836A-BC2903E99C7D}"
EndProject
Project("{2150E333-8FDC-42A3-9474-1A3956D46DE8}") = "Services", "Services", "{0E63B5D0-DD0D-49B5-9E6B-C2F3234A593E}"
EndProject
Project("{9A19103F-16F7-4668-BE54-9A1E7A4F7556}") = "WareLogix.Services.OandaApiServices", "WareLogix.Services.OandaApiServices\WareLogix.Services.OandaApiServices.csproj", "{37068C3A-BABC-4ABE-9C3D-36728B26E94B}"
EndProject
Project("{9A19103F-16F7-4668-BE54-9A1E7A4F7556}") = "WareLogix.DatabaseAccess", "WareLogix.DatabaseAccess\WareLogix.DatabaseAccess.csproj", "{E5B55CF0-A875-4A10-9552-7FE1D229CAB8}"
EndProject
Project("{9A19103F-16F7-4668-BE54-9A1E7A4F7556}") = "WareLogix.DatabaseAccess.Sqlite", "WareLogix.DatabaseAccess.Sqlite\WareLogix.DatabaseAccess.Sqlite.csproj", "{AE2BA1CE-C8F4-4204-A124-43AE72178380}"
EndProject
Project("{9A19103F-16F7-4668-BE54-9A1E7A4F7556}") = "SimpleJobConsoleApp", "SimpleJobConsoleApp\SimpleJobConsoleApp.csproj", "{50BDAA79-051E-4592-A3CA-51A762FC4300}"
EndProject
Project("{9A19103F-16F7-4668-BE54-9A1E7A4F7556}") = "BackgroundServiceWebApi", "BackgroundServiceWebApi\BackgroundServiceWebApi.csproj", "{7F5B9ABF-C61F-4670-829E-19260BB24A84}"
EndProject
Project("{9A19103F-16F7-4668-BE54-9A1E7A4F7556}") = "ElectionConsoleApp", "ElectionConsoleApp\ElectionConsoleApp.csproj", "{4EF66D00-80C9-4A9D-9678-AC5FD8034192}"
EndProject
Project("{9A19103F-16F7-4668-BE54-9A1E7A4F7556}") = "MultiClusteredConsoleApp", "MultiClusteredConsoleApp\MultiClusteredConsoleApp.csproj", "{215055D3-EF2E-48A3-B34C-46955780116F}"
EndProject
Project("{9A19103F-16F7-4668-BE54-9A1E7A4F7556}") = "LeaseLockConsoleApp", "LeaseLockConsoleApp\LeaseLockConsoleApp.csproj", "{CB1E12D5-E353-4ECF-A17B-FC33C4A51B46}"
EndProject
Project("{9A19103F-16F7-4668-BE54-9A1E7A4F7556}") = "PkceAuthConsoleApp", "PkceAuthConsoleApp\PkceAuthConsoleApp.csproj", "{2D2B3F42-544D-42EE-A91E-BEFB3C949E5B}"
EndProject
Project("{9A19103F-16F7-4668-BE54-9A1E7A4F7556}") = "MySqlConsoleApp", "MySqlConsoleApp\MySqlConsoleApp.csproj", "{FC922259-180D-47B7-8103-5CCE8335AB22}"
EndProject
Project("{9A19103F-16F7-4668-BE54-9A1E7A4F7556}") = "WareLogix.TestDummy", "WareLogix.TestDummy\WareLogix.TestDummy.csproj", "{92314604-E167-4DE7-BE3C-5ECE908E7E2F}"
EndProject
Project("{9A19103F-16F7-4668-BE54-9A1E7A4F7556}") = "TestDummyConsoleApp", "TestDummyConsoleApp\TestDummyConsoleApp.csproj", "{D321A4EC-8826-41FC-A4DD-05E1E77806DC}"
EndProject
Project("{9A19103F-16F7-4668-BE54-9A1E7A4F7556}") = "RedisPubConsoleApp", "RedisPubConsoleApp\RedisPubConsoleApp.csproj", "{6185AC57-7EFF-47B8-959E-64A2D44E283A}"
EndProject
Project("{9A19103F-16F7-4668-BE54-9A1E7A4F7556}") = "RedisSubConsoleApp", "RedisSubConsoleApp\RedisSubConsoleApp.csproj", "{2E0A1FCB-E77A-4F44-84E6-1C22B6294046}"
EndProject
Project("{9A19103F-16F7-4668-BE54-9A1E7A4F7556}") = "ReadDatabaseConsoleApp", "ReadDatabaseConsoleApp\ReadDatabaseConsoleApp.csproj", "{3023C63E-0E10-43FC-BA05-C71444A834D7}"
EndProject
Project("{FAE04EC0-301F-11D3-BF4B-00C04F79EFBC}") = "ObjectStoreConsoleApp", "ObjectStoreConsoleApp\ObjectStoreConsoleApp.csproj", "{7EC580BC-B7C2-4BBF-98FB-473CC2DD1E52}"
EndProject
Global
	GlobalSection(SolutionConfigurationPlatforms) = preSolution
		Debug|Any CPU = Debug|Any CPU
		Release|Any CPU = Release|Any CPU
	EndGlobalSection
	GlobalSection(ProjectConfigurationPlatforms) = postSolution
		{E3283E1C-BBC7-4F92-AF58-1EBD1FC08F94}.Debug|Any CPU.ActiveCfg = Debug|Any CPU
		{E3283E1C-BBC7-4F92-AF58-1EBD1FC08F94}.Debug|Any CPU.Build.0 = Debug|Any CPU
		{E3283E1C-BBC7-4F92-AF58-1EBD1FC08F94}.Release|Any CPU.ActiveCfg = Release|Any CPU
		{E3283E1C-BBC7-4F92-AF58-1EBD1FC08F94}.Release|Any CPU.Build.0 = Release|Any CPU
		{5845367D-B95C-4E91-8E36-109CAA287DB3}.Debug|Any CPU.ActiveCfg = Debug|Any CPU
		{5845367D-B95C-4E91-8E36-109CAA287DB3}.Debug|Any CPU.Build.0 = Debug|Any CPU
		{5845367D-B95C-4E91-8E36-109CAA287DB3}.Release|Any CPU.ActiveCfg = Release|Any CPU
		{5845367D-B95C-4E91-8E36-109CAA287DB3}.Release|Any CPU.Build.0 = Release|Any CPU
		{CA6E21CB-ED5D-4438-B56A-8EA471296DA8}.Debug|Any CPU.ActiveCfg = Debug|Any CPU
		{CA6E21CB-ED5D-4438-B56A-8EA471296DA8}.Debug|Any CPU.Build.0 = Debug|Any CPU
		{CA6E21CB-ED5D-4438-B56A-8EA471296DA8}.Release|Any CPU.ActiveCfg = Release|Any CPU
		{CA6E21CB-ED5D-4438-B56A-8EA471296DA8}.Release|Any CPU.Build.0 = Release|Any CPU
		{F5CA81A8-CA5D-41DA-9223-346F8691A481}.Debug|Any CPU.ActiveCfg = Debug|Any CPU
		{F5CA81A8-CA5D-41DA-9223-346F8691A481}.Debug|Any CPU.Build.0 = Debug|Any CPU
		{F5CA81A8-CA5D-41DA-9223-346F8691A481}.Release|Any CPU.ActiveCfg = Release|Any CPU
		{F5CA81A8-CA5D-41DA-9223-346F8691A481}.Release|Any CPU.Build.0 = Release|Any CPU
		{B69EBECF-20D2-4552-88AE-96A6F76703F1}.Debug|Any CPU.ActiveCfg = Debug|Any CPU
		{B69EBECF-20D2-4552-88AE-96A6F76703F1}.Debug|Any CPU.Build.0 = Debug|Any CPU
		{B69EBECF-20D2-4552-88AE-96A6F76703F1}.Release|Any CPU.ActiveCfg = Release|Any CPU
		{B69EBECF-20D2-4552-88AE-96A6F76703F1}.Release|Any CPU.Build.0 = Release|Any CPU
		{831B8534-AEC6-484B-B85D-5CD0AB879852}.Debug|Any CPU.ActiveCfg = Debug|Any CPU
		{831B8534-AEC6-484B-B85D-5CD0AB879852}.Debug|Any CPU.Build.0 = Debug|Any CPU
		{831B8534-AEC6-484B-B85D-5CD0AB879852}.Release|Any CPU.ActiveCfg = Release|Any CPU
		{831B8534-AEC6-484B-B85D-5CD0AB879852}.Release|Any CPU.Build.0 = Release|Any CPU
		{C37EEE51-E47B-489D-8339-8CD3ED02DD5D}.Debug|Any CPU.ActiveCfg = Debug|Any CPU
		{C37EEE51-E47B-489D-8339-8CD3ED02DD5D}.Debug|Any CPU.Build.0 = Debug|Any CPU
		{C37EEE51-E47B-489D-8339-8CD3ED02DD5D}.Release|Any CPU.ActiveCfg = Release|Any CPU
		{C37EEE51-E47B-489D-8339-8CD3ED02DD5D}.Release|Any CPU.Build.0 = Release|Any CPU
		{D05BB962-C509-4996-97FF-2F63A8023136}.Debug|Any CPU.ActiveCfg = Debug|Any CPU
		{D05BB962-C509-4996-97FF-2F63A8023136}.Debug|Any CPU.Build.0 = Debug|Any CPU
		{D05BB962-C509-4996-97FF-2F63A8023136}.Release|Any CPU.ActiveCfg = Release|Any CPU
		{D05BB962-C509-4996-97FF-2F63A8023136}.Release|Any CPU.Build.0 = Release|Any CPU
		{7B8475E4-905D-4C33-974B-8C09D2E3B7D9}.Debug|Any CPU.ActiveCfg = Debug|Any CPU
		{7B8475E4-905D-4C33-974B-8C09D2E3B7D9}.Debug|Any CPU.Build.0 = Debug|Any CPU
		{7B8475E4-905D-4C33-974B-8C09D2E3B7D9}.Release|Any CPU.ActiveCfg = Release|Any CPU
		{7B8475E4-905D-4C33-974B-8C09D2E3B7D9}.Release|Any CPU.Build.0 = Release|Any CPU
		{8524CE19-1E06-44E4-84F6-67789F44DD0E}.Debug|Any CPU.ActiveCfg = Debug|Any CPU
		{8524CE19-1E06-44E4-84F6-67789F44DD0E}.Debug|Any CPU.Build.0 = Debug|Any CPU
		{8524CE19-1E06-44E4-84F6-67789F44DD0E}.Release|Any CPU.ActiveCfg = Release|Any CPU
		{8524CE19-1E06-44E4-84F6-67789F44DD0E}.Release|Any CPU.Build.0 = Release|Any CPU
		{CC00906F-6A41-49F9-8667-0058804B2575}.Debug|Any CPU.ActiveCfg = Debug|Any CPU
		{CC00906F-6A41-49F9-8667-0058804B2575}.Debug|Any CPU.Build.0 = Debug|Any CPU
		{CC00906F-6A41-49F9-8667-0058804B2575}.Release|Any CPU.ActiveCfg = Release|Any CPU
		{CC00906F-6A41-49F9-8667-0058804B2575}.Release|Any CPU.Build.0 = Release|Any CPU
		{BC723627-88F7-458D-A475-3A8141A0F15C}.Debug|Any CPU.ActiveCfg = Debug|Any CPU
		{BC723627-88F7-458D-A475-3A8141A0F15C}.Debug|Any CPU.Build.0 = Debug|Any CPU
		{BC723627-88F7-458D-A475-3A8141A0F15C}.Release|Any CPU.ActiveCfg = Release|Any CPU
		{BC723627-88F7-458D-A475-3A8141A0F15C}.Release|Any CPU.Build.0 = Release|Any CPU
		{1A7BB0A8-6143-4722-975E-BF2E5827570E}.Debug|Any CPU.ActiveCfg = Debug|Any CPU
		{1A7BB0A8-6143-4722-975E-BF2E5827570E}.Debug|Any CPU.Build.0 = Debug|Any CPU
		{1A7BB0A8-6143-4722-975E-BF2E5827570E}.Release|Any CPU.ActiveCfg = Release|Any CPU
		{1A7BB0A8-6143-4722-975E-BF2E5827570E}.Release|Any CPU.Build.0 = Release|Any CPU
		{9E858A34-904C-4E36-B5BD-BBDBCBBB18CB}.Debug|Any CPU.ActiveCfg = Debug|Any CPU
		{9E858A34-904C-4E36-B5BD-BBDBCBBB18CB}.Debug|Any CPU.Build.0 = Debug|Any CPU
		{9E858A34-904C-4E36-B5BD-BBDBCBBB18CB}.Release|Any CPU.ActiveCfg = Release|Any CPU
		{9E858A34-904C-4E36-B5BD-BBDBCBBB18CB}.Release|Any CPU.Build.0 = Release|Any CPU
		{F2DF5D0A-9BE4-40FE-B985-C7E94E0BE766}.Debug|Any CPU.ActiveCfg = Debug|Any CPU
		{F2DF5D0A-9BE4-40FE-B985-C7E94E0BE766}.Debug|Any CPU.Build.0 = Debug|Any CPU
		{F2DF5D0A-9BE4-40FE-B985-C7E94E0BE766}.Release|Any CPU.ActiveCfg = Release|Any CPU
		{F2DF5D0A-9BE4-40FE-B985-C7E94E0BE766}.Release|Any CPU.Build.0 = Release|Any CPU
		{31D28A4C-A2F0-43DE-B0E0-D77E06978648}.Debug|Any CPU.ActiveCfg = Debug|Any CPU
		{31D28A4C-A2F0-43DE-B0E0-D77E06978648}.Debug|Any CPU.Build.0 = Debug|Any CPU
		{31D28A4C-A2F0-43DE-B0E0-D77E06978648}.Release|Any CPU.ActiveCfg = Release|Any CPU
		{31D28A4C-A2F0-43DE-B0E0-D77E06978648}.Release|Any CPU.Build.0 = Release|Any CPU
		{EC4A076C-AA61-47F8-88F3-175D30A0690D}.Debug|Any CPU.ActiveCfg = Debug|Any CPU
		{EC4A076C-AA61-47F8-88F3-175D30A0690D}.Debug|Any CPU.Build.0 = Debug|Any CPU
		{EC4A076C-AA61-47F8-88F3-175D30A0690D}.Release|Any CPU.ActiveCfg = Release|Any CPU
		{EC4A076C-AA61-47F8-88F3-175D30A0690D}.Release|Any CPU.Build.0 = Release|Any CPU
		{26E5CDAD-A0CD-4E4C-A06D-7A67D03843B5}.Debug|Any CPU.ActiveCfg = Debug|Any CPU
		{26E5CDAD-A0CD-4E4C-A06D-7A67D03843B5}.Debug|Any CPU.Build.0 = Debug|Any CPU
		{26E5CDAD-A0CD-4E4C-A06D-7A67D03843B5}.Release|Any CPU.ActiveCfg = Release|Any CPU
		{26E5CDAD-A0CD-4E4C-A06D-7A67D03843B5}.Release|Any CPU.Build.0 = Release|Any CPU
		{BC03AF91-FD3F-4CB9-BAD2-1B5926B385DD}.Debug|Any CPU.ActiveCfg = Debug|Any CPU
		{BC03AF91-FD3F-4CB9-BAD2-1B5926B385DD}.Debug|Any CPU.Build.0 = Debug|Any CPU
		{BC03AF91-FD3F-4CB9-BAD2-1B5926B385DD}.Release|Any CPU.ActiveCfg = Release|Any CPU
		{BC03AF91-FD3F-4CB9-BAD2-1B5926B385DD}.Release|Any CPU.Build.0 = Release|Any CPU
		{0A7CBDCC-915E-4035-B87F-0EB23B263A30}.Debug|Any CPU.ActiveCfg = Debug|Any CPU
		{0A7CBDCC-915E-4035-B87F-0EB23B263A30}.Debug|Any CPU.Build.0 = Debug|Any CPU
		{0A7CBDCC-915E-4035-B87F-0EB23B263A30}.Release|Any CPU.ActiveCfg = Release|Any CPU
		{0A7CBDCC-915E-4035-B87F-0EB23B263A30}.Release|Any CPU.Build.0 = Release|Any CPU
		{C4130561-E33A-426B-9E6B-2593C60AB087}.Debug|Any CPU.ActiveCfg = Debug|Any CPU
		{C4130561-E33A-426B-9E6B-2593C60AB087}.Debug|Any CPU.Build.0 = Debug|Any CPU
		{C4130561-E33A-426B-9E6B-2593C60AB087}.Release|Any CPU.ActiveCfg = Release|Any CPU
		{C4130561-E33A-426B-9E6B-2593C60AB087}.Release|Any CPU.Build.0 = Release|Any CPU
		{001D7CC7-18A4-4B2C-9A21-DD9885EB5083}.Debug|Any CPU.ActiveCfg = Debug|Any CPU
		{001D7CC7-18A4-4B2C-9A21-DD9885EB5083}.Debug|Any CPU.Build.0 = Debug|Any CPU
		{001D7CC7-18A4-4B2C-9A21-DD9885EB5083}.Release|Any CPU.ActiveCfg = Release|Any CPU
		{001D7CC7-18A4-4B2C-9A21-DD9885EB5083}.Release|Any CPU.Build.0 = Release|Any CPU
		{095A6C39-CBEC-4053-B8D2-B42FBA35D91D}.Debug|Any CPU.ActiveCfg = Debug|Any CPU
		{095A6C39-CBEC-4053-B8D2-B42FBA35D91D}.Debug|Any CPU.Build.0 = Debug|Any CPU
		{095A6C39-CBEC-4053-B8D2-B42FBA35D91D}.Release|Any CPU.ActiveCfg = Release|Any CPU
		{095A6C39-CBEC-4053-B8D2-B42FBA35D91D}.Release|Any CPU.Build.0 = Release|Any CPU
		{31303F4D-0C80-4F1B-AA79-AF8438820F41}.Debug|Any CPU.ActiveCfg = Debug|Any CPU
		{31303F4D-0C80-4F1B-AA79-AF8438820F41}.Debug|Any CPU.Build.0 = Debug|Any CPU
		{31303F4D-0C80-4F1B-AA79-AF8438820F41}.Release|Any CPU.ActiveCfg = Release|Any CPU
		{31303F4D-0C80-4F1B-AA79-AF8438820F41}.Release|Any CPU.Build.0 = Release|Any CPU
		{4A061590-0708-4B06-9002-2CF187413D8F}.Debug|Any CPU.ActiveCfg = Debug|Any CPU
		{4A061590-0708-4B06-9002-2CF187413D8F}.Debug|Any CPU.Build.0 = Debug|Any CPU
		{4A061590-0708-4B06-9002-2CF187413D8F}.Release|Any CPU.ActiveCfg = Release|Any CPU
		{4A061590-0708-4B06-9002-2CF187413D8F}.Release|Any CPU.Build.0 = Release|Any CPU
		{A14D51F6-7154-4E13-B24B-D830B5B71B1A}.Debug|Any CPU.ActiveCfg = Debug|Any CPU
		{A14D51F6-7154-4E13-B24B-D830B5B71B1A}.Debug|Any CPU.Build.0 = Debug|Any CPU
		{A14D51F6-7154-4E13-B24B-D830B5B71B1A}.Release|Any CPU.ActiveCfg = Release|Any CPU
		{A14D51F6-7154-4E13-B24B-D830B5B71B1A}.Release|Any CPU.Build.0 = Release|Any CPU
		{7744A36F-7D9E-4755-BFC2-E2A2FDE486B4}.Debug|Any CPU.ActiveCfg = Debug|Any CPU
		{7744A36F-7D9E-4755-BFC2-E2A2FDE486B4}.Debug|Any CPU.Build.0 = Debug|Any CPU
		{7744A36F-7D9E-4755-BFC2-E2A2FDE486B4}.Release|Any CPU.ActiveCfg = Release|Any CPU
		{7744A36F-7D9E-4755-BFC2-E2A2FDE486B4}.Release|Any CPU.Build.0 = Release|Any CPU
		{D5FA0B62-3FA6-4715-A5C7-D98CD2624162}.Debug|Any CPU.ActiveCfg = Debug|Any CPU
		{D5FA0B62-3FA6-4715-A5C7-D98CD2624162}.Debug|Any CPU.Build.0 = Debug|Any CPU
		{D5FA0B62-3FA6-4715-A5C7-D98CD2624162}.Release|Any CPU.ActiveCfg = Release|Any CPU
		{D5FA0B62-3FA6-4715-A5C7-D98CD2624162}.Release|Any CPU.Build.0 = Release|Any CPU
		{4B4385B5-9B67-4D8F-A02F-B5E55C2825DB}.Debug|Any CPU.ActiveCfg = Debug|Any CPU
		{4B4385B5-9B67-4D8F-A02F-B5E55C2825DB}.Debug|Any CPU.Build.0 = Debug|Any CPU
		{4B4385B5-9B67-4D8F-A02F-B5E55C2825DB}.Release|Any CPU.ActiveCfg = Release|Any CPU
		{4B4385B5-9B67-4D8F-A02F-B5E55C2825DB}.Release|Any CPU.Build.0 = Release|Any CPU
		{E605EAC5-9E6A-4DF9-B1A4-EBC4B637C693}.Debug|Any CPU.ActiveCfg = Debug|Any CPU
		{E605EAC5-9E6A-4DF9-B1A4-EBC4B637C693}.Debug|Any CPU.Build.0 = Debug|Any CPU
		{E605EAC5-9E6A-4DF9-B1A4-EBC4B637C693}.Release|Any CPU.ActiveCfg = Release|Any CPU
		{E605EAC5-9E6A-4DF9-B1A4-EBC4B637C693}.Release|Any CPU.Build.0 = Release|Any CPU
		{37068C3A-BABC-4ABE-9C3D-36728B26E94B}.Debug|Any CPU.ActiveCfg = Debug|Any CPU
		{37068C3A-BABC-4ABE-9C3D-36728B26E94B}.Debug|Any CPU.Build.0 = Debug|Any CPU
		{37068C3A-BABC-4ABE-9C3D-36728B26E94B}.Release|Any CPU.ActiveCfg = Release|Any CPU
		{37068C3A-BABC-4ABE-9C3D-36728B26E94B}.Release|Any CPU.Build.0 = Release|Any CPU
		{E5B55CF0-A875-4A10-9552-7FE1D229CAB8}.Debug|Any CPU.ActiveCfg = Debug|Any CPU
		{E5B55CF0-A875-4A10-9552-7FE1D229CAB8}.Debug|Any CPU.Build.0 = Debug|Any CPU
		{E5B55CF0-A875-4A10-9552-7FE1D229CAB8}.Release|Any CPU.ActiveCfg = Release|Any CPU
		{E5B55CF0-A875-4A10-9552-7FE1D229CAB8}.Release|Any CPU.Build.0 = Release|Any CPU
		{AE2BA1CE-C8F4-4204-A124-43AE72178380}.Debug|Any CPU.ActiveCfg = Debug|Any CPU
		{AE2BA1CE-C8F4-4204-A124-43AE72178380}.Debug|Any CPU.Build.0 = Debug|Any CPU
		{AE2BA1CE-C8F4-4204-A124-43AE72178380}.Release|Any CPU.ActiveCfg = Release|Any CPU
		{AE2BA1CE-C8F4-4204-A124-43AE72178380}.Release|Any CPU.Build.0 = Release|Any CPU
		{50BDAA79-051E-4592-A3CA-51A762FC4300}.Debug|Any CPU.ActiveCfg = Debug|Any CPU
		{50BDAA79-051E-4592-A3CA-51A762FC4300}.Debug|Any CPU.Build.0 = Debug|Any CPU
		{50BDAA79-051E-4592-A3CA-51A762FC4300}.Release|Any CPU.ActiveCfg = Release|Any CPU
		{50BDAA79-051E-4592-A3CA-51A762FC4300}.Release|Any CPU.Build.0 = Release|Any CPU
		{7F5B9ABF-C61F-4670-829E-19260BB24A84}.Debug|Any CPU.ActiveCfg = Debug|Any CPU
		{7F5B9ABF-C61F-4670-829E-19260BB24A84}.Debug|Any CPU.Build.0 = Debug|Any CPU
		{7F5B9ABF-C61F-4670-829E-19260BB24A84}.Release|Any CPU.ActiveCfg = Release|Any CPU
		{7F5B9ABF-C61F-4670-829E-19260BB24A84}.Release|Any CPU.Build.0 = Release|Any CPU
		{4EF66D00-80C9-4A9D-9678-AC5FD8034192}.Debug|Any CPU.ActiveCfg = Debug|Any CPU
		{4EF66D00-80C9-4A9D-9678-AC5FD8034192}.Debug|Any CPU.Build.0 = Debug|Any CPU
		{4EF66D00-80C9-4A9D-9678-AC5FD8034192}.Release|Any CPU.ActiveCfg = Release|Any CPU
		{4EF66D00-80C9-4A9D-9678-AC5FD8034192}.Release|Any CPU.Build.0 = Release|Any CPU
		{215055D3-EF2E-48A3-B34C-46955780116F}.Debug|Any CPU.ActiveCfg = Debug|Any CPU
		{215055D3-EF2E-48A3-B34C-46955780116F}.Debug|Any CPU.Build.0 = Debug|Any CPU
		{215055D3-EF2E-48A3-B34C-46955780116F}.Release|Any CPU.ActiveCfg = Release|Any CPU
		{215055D3-EF2E-48A3-B34C-46955780116F}.Release|Any CPU.Build.0 = Release|Any CPU
		{CB1E12D5-E353-4ECF-A17B-FC33C4A51B46}.Debug|Any CPU.ActiveCfg = Debug|Any CPU
		{CB1E12D5-E353-4ECF-A17B-FC33C4A51B46}.Debug|Any CPU.Build.0 = Debug|Any CPU
		{CB1E12D5-E353-4ECF-A17B-FC33C4A51B46}.Release|Any CPU.ActiveCfg = Release|Any CPU
		{CB1E12D5-E353-4ECF-A17B-FC33C4A51B46}.Release|Any CPU.Build.0 = Release|Any CPU
		{2D2B3F42-544D-42EE-A91E-BEFB3C949E5B}.Debug|Any CPU.ActiveCfg = Debug|Any CPU
		{2D2B3F42-544D-42EE-A91E-BEFB3C949E5B}.Debug|Any CPU.Build.0 = Debug|Any CPU
		{2D2B3F42-544D-42EE-A91E-BEFB3C949E5B}.Release|Any CPU.ActiveCfg = Release|Any CPU
		{2D2B3F42-544D-42EE-A91E-BEFB3C949E5B}.Release|Any CPU.Build.0 = Release|Any CPU
		{FC922259-180D-47B7-8103-5CCE8335AB22}.Debug|Any CPU.ActiveCfg = Debug|Any CPU
		{FC922259-180D-47B7-8103-5CCE8335AB22}.Debug|Any CPU.Build.0 = Debug|Any CPU
		{FC922259-180D-47B7-8103-5CCE8335AB22}.Release|Any CPU.ActiveCfg = Release|Any CPU
		{FC922259-180D-47B7-8103-5CCE8335AB22}.Release|Any CPU.Build.0 = Release|Any CPU
		{92314604-E167-4DE7-BE3C-5ECE908E7E2F}.Debug|Any CPU.ActiveCfg = Debug|Any CPU
		{92314604-E167-4DE7-BE3C-5ECE908E7E2F}.Debug|Any CPU.Build.0 = Debug|Any CPU
		{92314604-E167-4DE7-BE3C-5ECE908E7E2F}.Release|Any CPU.ActiveCfg = Release|Any CPU
		{92314604-E167-4DE7-BE3C-5ECE908E7E2F}.Release|Any CPU.Build.0 = Release|Any CPU
		{D321A4EC-8826-41FC-A4DD-05E1E77806DC}.Debug|Any CPU.ActiveCfg = Debug|Any CPU
		{D321A4EC-8826-41FC-A4DD-05E1E77806DC}.Debug|Any CPU.Build.0 = Debug|Any CPU
		{D321A4EC-8826-41FC-A4DD-05E1E77806DC}.Release|Any CPU.ActiveCfg = Release|Any CPU
		{D321A4EC-8826-41FC-A4DD-05E1E77806DC}.Release|Any CPU.Build.0 = Release|Any CPU
		{6185AC57-7EFF-47B8-959E-64A2D44E283A}.Debug|Any CPU.ActiveCfg = Debug|Any CPU
		{6185AC57-7EFF-47B8-959E-64A2D44E283A}.Debug|Any CPU.Build.0 = Debug|Any CPU
		{6185AC57-7EFF-47B8-959E-64A2D44E283A}.Release|Any CPU.ActiveCfg = Release|Any CPU
		{6185AC57-7EFF-47B8-959E-64A2D44E283A}.Release|Any CPU.Build.0 = Release|Any CPU
		{2E0A1FCB-E77A-4F44-84E6-1C22B6294046}.Debug|Any CPU.ActiveCfg = Debug|Any CPU
		{2E0A1FCB-E77A-4F44-84E6-1C22B6294046}.Debug|Any CPU.Build.0 = Debug|Any CPU
		{2E0A1FCB-E77A-4F44-84E6-1C22B6294046}.Release|Any CPU.ActiveCfg = Release|Any CPU
		{2E0A1FCB-E77A-4F44-84E6-1C22B6294046}.Release|Any CPU.Build.0 = Release|Any CPU
		{3023C63E-0E10-43FC-BA05-C71444A834D7}.Debug|Any CPU.ActiveCfg = Debug|Any CPU
		{3023C63E-0E10-43FC-BA05-C71444A834D7}.Debug|Any CPU.Build.0 = Debug|Any CPU
		{3023C63E-0E10-43FC-BA05-C71444A834D7}.Release|Any CPU.ActiveCfg = Release|Any CPU
		{3023C63E-0E10-43FC-BA05-C71444A834D7}.Release|Any CPU.Build.0 = Release|Any CPU
		{7EC580BC-B7C2-4BBF-98FB-473CC2DD1E52}.Debug|Any CPU.ActiveCfg = Debug|Any CPU
		{7EC580BC-B7C2-4BBF-98FB-473CC2DD1E52}.Debug|Any CPU.Build.0 = Debug|Any CPU
		{7EC580BC-B7C2-4BBF-98FB-473CC2DD1E52}.Release|Any CPU.ActiveCfg = Release|Any CPU
		{7EC580BC-B7C2-4BBF-98FB-473CC2DD1E52}.Release|Any CPU.Build.0 = Release|Any CPU
	EndGlobalSection
	GlobalSection(SolutionProperties) = preSolution
		HideSolutionNode = FALSE
	EndGlobalSection
	GlobalSection(NestedProjects) = preSolution
		{E3283E1C-BBC7-4F92-AF58-1EBD1FC08F94} = {A05DD691-4A44-427C-BF53-37EA5063D69C}
		{5845367D-B95C-4E91-8E36-109CAA287DB3} = {05211A76-E072-4343-B497-31F4288750FA}
		{CA6E21CB-ED5D-4438-B56A-8EA471296DA8} = {05211A76-E072-4343-B497-31F4288750FA}
		{F5CA81A8-CA5D-41DA-9223-346F8691A481} = {05211A76-E072-4343-B497-31F4288750FA}
		{B69EBECF-20D2-4552-88AE-96A6F76703F1} = {BD53F086-571E-4496-A2D7-F4D2C1F5035D}
		{831B8534-AEC6-484B-B85D-5CD0AB879852} = {05211A76-E072-4343-B497-31F4288750FA}
		{C37EEE51-E47B-489D-8339-8CD3ED02DD5D} = {05211A76-E072-4343-B497-31F4288750FA}
		{D05BB962-C509-4996-97FF-2F63A8023136} = {BD53F086-571E-4496-A2D7-F4D2C1F5035D}
		{7B8475E4-905D-4C33-974B-8C09D2E3B7D9} = {D746E12B-2F20-40C2-89B4-C082F5E84AB7}
		{8524CE19-1E06-44E4-84F6-67789F44DD0E} = {D4EA0EAF-98BB-437E-8244-C1AEB396AC3A}
		{CC00906F-6A41-49F9-8667-0058804B2575} = {D746E12B-2F20-40C2-89B4-C082F5E84AB7}
		{BC723627-88F7-458D-A475-3A8141A0F15C} = {D4EA0EAF-98BB-437E-8244-C1AEB396AC3A}
		{1A7BB0A8-6143-4722-975E-BF2E5827570E} = {D4EA0EAF-98BB-437E-8244-C1AEB396AC3A}
		{9E858A34-904C-4E36-B5BD-BBDBCBBB18CB} = {D4EA0EAF-98BB-437E-8244-C1AEB396AC3A}
		{F2DF5D0A-9BE4-40FE-B985-C7E94E0BE766} = {A05DD691-4A44-427C-BF53-37EA5063D69C}
		{31D28A4C-A2F0-43DE-B0E0-D77E06978648} = {D4EA0EAF-98BB-437E-8244-C1AEB396AC3A}
		{EC4A076C-AA61-47F8-88F3-175D30A0690D} = {D4EA0EAF-98BB-437E-8244-C1AEB396AC3A}
		{26E5CDAD-A0CD-4E4C-A06D-7A67D03843B5} = {D4EA0EAF-98BB-437E-8244-C1AEB396AC3A}
		{BC03AF91-FD3F-4CB9-BAD2-1B5926B385DD} = {05211A76-E072-4343-B497-31F4288750FA}
		{0A7CBDCC-915E-4035-B87F-0EB23B263A30} = {05211A76-E072-4343-B497-31F4288750FA}
		{C4130561-E33A-426B-9E6B-2593C60AB087} = {05211A76-E072-4343-B497-31F4288750FA}
		{001D7CC7-18A4-4B2C-9A21-DD9885EB5083} = {05211A76-E072-4343-B497-31F4288750FA}
		{095A6C39-CBEC-4053-B8D2-B42FBA35D91D} = {D4EA0EAF-98BB-437E-8244-C1AEB396AC3A}
		{31303F4D-0C80-4F1B-AA79-AF8438820F41} = {05211A76-E072-4343-B497-31F4288750FA}
		{4A061590-0708-4B06-9002-2CF187413D8F} = {05211A76-E072-4343-B497-31F4288750FA}
		{A14D51F6-7154-4E13-B24B-D830B5B71B1A} = {05211A76-E072-4343-B497-31F4288750FA}
		{7744A36F-7D9E-4755-BFC2-E2A2FDE486B4} = {BD53F086-571E-4496-A2D7-F4D2C1F5035D}
		{D5FA0B62-3FA6-4715-A5C7-D98CD2624162} = {D4EA0EAF-98BB-437E-8244-C1AEB396AC3A}
		{4B4385B5-9B67-4D8F-A02F-B5E55C2825DB} = {D4EA0EAF-98BB-437E-8244-C1AEB396AC3A}
		{E605EAC5-9E6A-4DF9-B1A4-EBC4B637C693} = {FC5CECA3-6C11-4F36-836A-BC2903E99C7D}
		{37068C3A-BABC-4ABE-9C3D-36728B26E94B} = {0E63B5D0-DD0D-49B5-9E6B-C2F3234A593E}
		{E5B55CF0-A875-4A10-9552-7FE1D229CAB8} = {05211A76-E072-4343-B497-31F4288750FA}
		{AE2BA1CE-C8F4-4204-A124-43AE72178380} = {05211A76-E072-4343-B497-31F4288750FA}
		{50BDAA79-051E-4592-A3CA-51A762FC4300} = {D4EA0EAF-98BB-437E-8244-C1AEB396AC3A}
		{7F5B9ABF-C61F-4670-829E-19260BB24A84} = {A05DD691-4A44-427C-BF53-37EA5063D69C}
		{4EF66D00-80C9-4A9D-9678-AC5FD8034192} = {D4EA0EAF-98BB-437E-8244-C1AEB396AC3A}
		{215055D3-EF2E-48A3-B34C-46955780116F} = {D4EA0EAF-98BB-437E-8244-C1AEB396AC3A}
		{CB1E12D5-E353-4ECF-A17B-FC33C4A51B46} = {D4EA0EAF-98BB-437E-8244-C1AEB396AC3A}
		{2D2B3F42-544D-42EE-A91E-BEFB3C949E5B} = {D4EA0EAF-98BB-437E-8244-C1AEB396AC3A}
		{FC922259-180D-47B7-8103-5CCE8335AB22} = {D4EA0EAF-98BB-437E-8244-C1AEB396AC3A}
		{92314604-E167-4DE7-BE3C-5ECE908E7E2F} = {05211A76-E072-4343-B497-31F4288750FA}
		{D321A4EC-8826-41FC-A4DD-05E1E77806DC} = {D4EA0EAF-98BB-437E-8244-C1AEB396AC3A}
		{6185AC57-7EFF-47B8-959E-64A2D44E283A} = {D4EA0EAF-98BB-437E-8244-C1AEB396AC3A}
		{2E0A1FCB-E77A-4F44-84E6-1C22B6294046} = {D4EA0EAF-98BB-437E-8244-C1AEB396AC3A}
		{3023C63E-0E10-43FC-BA05-C71444A834D7} = {D4EA0EAF-98BB-437E-8244-C1AEB396AC3A}
		{7EC580BC-B7C2-4BBF-98FB-473CC2DD1E52} = {D4EA0EAF-98BB-437E-8244-C1AEB396AC3A}
	EndGlobalSection
	GlobalSection(ExtensibilityGlobals) = postSolution
		SolutionGuid = {6E251F12-3C35-492D-A972-6BE83D0D955B}
	EndGlobalSection
EndGlobal
